
Microsoft Visual Studio Solution File, Format Version 12.00
Project("{FAE04EC0-301F-11D3-BF4B-00C04F79EFBC}") = "ConsoleApp", "ConsoleApp\ConsoleApp.csproj", "{7BF85B55-B3EA-4941-B5F1-EF0C40A7A726}"
EndProject
Project("{FAE04EC0-301F-11D3-BF4B-00C04F79EFBC}") = "Unit-Test", "Unit-Test\Unit-Test.csproj", "{9CD98494-BE32-427E-B6CC-2AFD29A4968C}"
EndProject
Global
	GlobalSection(SolutionConfigurationPlatforms) = preSolution
		Debug|Any CPU = Debug|Any CPU
		Release|Any CPU = Release|Any CPU
	EndGlobalSection
	GlobalSection(ProjectConfigurationPlatforms) = postSolution
		{7BF85B55-B3EA-4941-B5F1-EF0C40A7A726}.Debug|Any CPU.ActiveCfg = Debug|Any CPU
		{7BF85B55-B3EA-4941-B5F1-EF0C40A7A726}.Debug|Any CPU.Build.0 = Debug|Any CPU
		{7BF85B55-B3EA-4941-B5F1-EF0C40A7A726}.Release|Any CPU.ActiveCfg = Release|Any CPU
		{7BF85B55-B3EA-4941-B5F1-EF0C40A7A726}.Release|Any CPU.Build.0 = Release|Any CPU
		{9CD98494-BE32-427E-B6CC-2AFD29A4968C}.Debug|Any CPU.ActiveCfg = Debug|Any CPU
		{9CD98494-BE32-427E-B6CC-2AFD29A4968C}.Debug|Any CPU.Build.0 = Debug|Any CPU
		{9CD98494-BE32-427E-B6CC-2AFD29A4968C}.Release|Any CPU.ActiveCfg = Release|Any CPU
		{9CD98494-BE32-427E-B6CC-2AFD29A4968C}.Release|Any CPU.Build.0 = Release|Any CPU
	EndGlobalSection
EndGlobal
