
Microsoft Visual Studio Solution File, Format Version 12.00
Project("{FAE04EC0-301F-11D3-BF4B-00C04F79EFBC}") = "Homeworks", "Homeworks\Homeworks.csproj", "{012075BF-8910-41AC-836F-CADBE4220686}"
EndProject
Project("{FAE04EC0-301F-11D3-BF4B-00C04F79EFBC}") = "GetElementAtOrDefault_UnitTest", "GetElementAtOrDefault_UnitTest\GetElementAtOrDefault_UnitTest.csproj", "{ABF45A63-F9E0-4A8A-A45B-0E0A07B49BB7}"
EndProject
Global
	GlobalSection(SolutionConfigurationPlatforms) = preSolution
		Debug|Any CPU = Debug|Any CPU
		Release|Any CPU = Release|Any CPU
	EndGlobalSection
	GlobalSection(ProjectConfigurationPlatforms) = postSolution
		{012075BF-8910-41AC-836F-CADBE4220686}.Debug|Any CPU.ActiveCfg = Debug|Any CPU
		{012075BF-8910-41AC-836F-CADBE4220686}.Debug|Any CPU.Build.0 = Debug|Any CPU
		{012075BF-8910-41AC-836F-CADBE4220686}.Release|Any CPU.ActiveCfg = Release|Any CPU
		{012075BF-8910-41AC-836F-CADBE4220686}.Release|Any CPU.Build.0 = Release|Any CPU
		{ABF45A63-F9E0-4A8A-A45B-0E0A07B49BB7}.Debug|Any CPU.ActiveCfg = Debug|Any CPU
		{ABF45A63-F9E0-4A8A-A45B-0E0A07B49BB7}.Debug|Any CPU.Build.0 = Debug|Any CPU
		{ABF45A63-F9E0-4A8A-A45B-0E0A07B49BB7}.Release|Any CPU.ActiveCfg = Release|Any CPU
		{ABF45A63-F9E0-4A8A-A45B-0E0A07B49BB7}.Release|Any CPU.Build.0 = Release|Any CPU
	EndGlobalSection
EndGlobal
