
Microsoft Visual Studio Solution File, Format Version 12.00
Project("{FAE04EC0-301F-11D3-BF4B-00C04F79EFBC}") = "Unit_Test", "Unit_Test\Unit_Test.csproj", "{7CFCB47D-61BF-4CEB-B9E2-4D8CA824BBA2}"
EndProject
Project("{FAE04EC0-301F-11D3-BF4B-00C04F79EFBC}") = "ConsoleApp", "ConsoleApp\ConsoleApp.csproj", "{CEF1F4D9-6730-45F7-AB72-E649AFCDAC07}"
EndProject
Global
	GlobalSection(SolutionConfigurationPlatforms) = preSolution
		Debug|Any CPU = Debug|Any CPU
		Release|Any CPU = Release|Any CPU
	EndGlobalSection
	GlobalSection(ProjectConfigurationPlatforms) = postSolution
		{7CFCB47D-61BF-4CEB-B9E2-4D8CA824BBA2}.Debug|Any CPU.ActiveCfg = Debug|Any CPU
		{7CFCB47D-61BF-4CEB-B9E2-4D8CA824BBA2}.Debug|Any CPU.Build.0 = Debug|Any CPU
		{7CFCB47D-61BF-4CEB-B9E2-4D8CA824BBA2}.Release|Any CPU.ActiveCfg = Release|Any CPU
		{7CFCB47D-61BF-4CEB-B9E2-4D8CA824BBA2}.Release|Any CPU.Build.0 = Release|Any CPU
		{CEF1F4D9-6730-45F7-AB72-E649AFCDAC07}.Debug|Any CPU.ActiveCfg = Debug|Any CPU
		{CEF1F4D9-6730-45F7-AB72-E649AFCDAC07}.Debug|Any CPU.Build.0 = Debug|Any CPU
		{CEF1F4D9-6730-45F7-AB72-E649AFCDAC07}.Release|Any CPU.ActiveCfg = Release|Any CPU
		{CEF1F4D9-6730-45F7-AB72-E649AFCDAC07}.Release|Any CPU.Build.0 = Release|Any CPU
	EndGlobalSection
EndGlobal
